// !$*UTF8*$!
{
	archiveVersion = 1;
	classes = {
	};
	objectVersion = 46;
	objects = {

/* Begin PBXBuildFile section */
		B91413C81A524FE100A85561 /* UIPlaceHolderTextView.swift in Sources */ = {isa = PBXBuildFile; fileRef = B91413C71A524FE100A85561 /* UIPlaceHolderTextView.swift */; };
		B9439F6D1A6127E9000A3D10 /* SecondView.swift in Sources */ = {isa = PBXBuildFile; fileRef = B9439F6C1A6127E9000A3D10 /* SecondView.swift */; };
		B9439F6F1A61360D000A3D10 /* ThirdView.swift in Sources */ = {isa = PBXBuildFile; fileRef = B9439F6E1A61360D000A3D10 /* ThirdView.swift */; };
		B993E50A1A4FE876009C9B61 /* AppDelegate.swift in Sources */ = {isa = PBXBuildFile; fileRef = B993E5091A4FE876009C9B61 /* AppDelegate.swift */; };
		B993E50C1A4FE876009C9B61 /* ViewController.swift in Sources */ = {isa = PBXBuildFile; fileRef = B993E50B1A4FE876009C9B61 /* ViewController.swift */; };
		B993E50F1A4FE876009C9B61 /* Main.storyboard in Resources */ = {isa = PBXBuildFile; fileRef = B993E50D1A4FE876009C9B61 /* Main.storyboard */; };
		B993E5111A4FE876009C9B61 /* Images.xcassets in Resources */ = {isa = PBXBuildFile; fileRef = B993E5101A4FE876009C9B61 /* Images.xcassets */; };
		B993E5141A4FE876009C9B61 /* LaunchScreen.xib in Resources */ = {isa = PBXBuildFile; fileRef = B993E5121A4FE876009C9B61 /* LaunchScreen.xib */; };
		B993E5201A4FE876009C9B61 /* TestAppInputForm02Tests.swift in Sources */ = {isa = PBXBuildFile; fileRef = B993E51F1A4FE876009C9B61 /* TestAppInputForm02Tests.swift */; };
/* End PBXBuildFile section */

/* Begin PBXContainerItemProxy section */
		B993E51A1A4FE876009C9B61 /* PBXContainerItemProxy */ = {
			isa = PBXContainerItemProxy;
			containerPortal = B993E4FC1A4FE876009C9B61 /* Project object */;
			proxyType = 1;
			remoteGlobalIDString = B993E5031A4FE876009C9B61;
			remoteInfo = TestAppInputForm02;
		};
/* End PBXContainerItemProxy section */

/* Begin PBXFileReference section */
		B91413C71A524FE100A85561 /* UIPlaceHolderTextView.swift */ = {isa = PBXFileReference; fileEncoding = 4; lastKnownFileType = sourcecode.swift; path = UIPlaceHolderTextView.swift; sourceTree = "<group>"; };
		B9439F6C1A6127E9000A3D10 /* SecondView.swift */ = {isa = PBXFileReference; fileEncoding = 4; lastKnownFileType = sourcecode.swift; path = SecondView.swift; sourceTree = "<group>"; };
		B9439F6E1A61360D000A3D10 /* ThirdView.swift */ = {isa = PBXFileReference; fileEncoding = 4; lastKnownFileType = sourcecode.swift; path = ThirdView.swift; sourceTree = "<group>"; };
		B993E5041A4FE876009C9B61 /* TestAppInputForm02.app */ = {isa = PBXFileReference; explicitFileType = wrapper.application; includeInIndex = 0; path = TestAppInputForm02.app; sourceTree = BUILT_PRODUCTS_DIR; };
		B993E5081A4FE876009C9B61 /* Info.plist */ = {isa = PBXFileReference; lastKnownFileType = text.plist.xml; path = Info.plist; sourceTree = "<group>"; };
		B993E5091A4FE876009C9B61 /* AppDelegate.swift */ = {isa = PBXFileReference; lastKnownFileType = sourcecode.swift; path = AppDelegate.swift; sourceTree = "<group>"; };
		B993E50B1A4FE876009C9B61 /* ViewController.swift */ = {isa = PBXFileReference; lastKnownFileType = sourcecode.swift; path = ViewController.swift; sourceTree = "<group>"; };
		B993E50E1A4FE876009C9B61 /* Base */ = {isa = PBXFileReference; lastKnownFileType = file.storyboard; name = Base; path = Base.lproj/Main.storyboard; sourceTree = "<group>"; };
		B993E5101A4FE876009C9B61 /* Images.xcassets */ = {isa = PBXFileReference; lastKnownFileType = folder.assetcatalog; path = Images.xcassets; sourceTree = "<group>"; };
		B993E5131A4FE876009C9B61 /* Base */ = {isa = PBXFileReference; lastKnownFileType = file.xib; name = Base; path = Base.lproj/LaunchScreen.xib; sourceTree = "<group>"; };
		B993E5191A4FE876009C9B61 /* TestAppInputForm02Tests.xctest */ = {isa = PBXFileReference; explicitFileType = wrapper.cfbundle; includeInIndex = 0; path = TestAppInputForm02Tests.xctest; sourceTree = BUILT_PRODUCTS_DIR; };
		B993E51E1A4FE876009C9B61 /* Info.plist */ = {isa = PBXFileReference; lastKnownFileType = text.plist.xml; path = Info.plist; sourceTree = "<group>"; };
		B993E51F1A4FE876009C9B61 /* TestAppInputForm02Tests.swift */ = {isa = PBXFileReference; lastKnownFileType = sourcecode.swift; path = TestAppInputForm02Tests.swift; sourceTree = "<group>"; };
/* End PBXFileReference section */

/* Begin PBXFrameworksBuildPhase section */
		B993E5011A4FE876009C9B61 /* Frameworks */ = {
			isa = PBXFrameworksBuildPhase;
			buildActionMask = 2147483647;
			files = (
			);
			runOnlyForDeploymentPostprocessing = 0;
		};
		B993E5161A4FE876009C9B61 /* Frameworks */ = {
			isa = PBXFrameworksBuildPhase;
			buildActionMask = 2147483647;
			files = (
			);
			runOnlyForDeploymentPostprocessing = 0;
		};
/* End PBXFrameworksBuildPhase section */

/* Begin PBXGroup section */
		B993E4FB1A4FE876009C9B61 = {
			isa = PBXGroup;
			children = (
				B993E5061A4FE876009C9B61 /* TestAppInputForm02 */,
				B993E51C1A4FE876009C9B61 /* TestAppInputForm02Tests */,
				B993E5051A4FE876009C9B61 /* Products */,
			);
			sourceTree = "<group>";
		};
		B993E5051A4FE876009C9B61 /* Products */ = {
			isa = PBXGroup;
			children = (
				B993E5041A4FE876009C9B61 /* TestAppInputForm02.app */,
				B993E5191A4FE876009C9B61 /* TestAppInputForm02Tests.xctest */,
			);
			name = Products;
			sourceTree = "<group>";
		};
		B993E5061A4FE876009C9B61 /* TestAppInputForm02 */ = {
			isa = PBXGroup;
			children = (
				B993E5091A4FE876009C9B61 /* AppDelegate.swift */,
				B993E50B1A4FE876009C9B61 /* ViewController.swift */,
				B993E50D1A4FE876009C9B61 /* Main.storyboard */,
				B993E5101A4FE876009C9B61 /* Images.xcassets */,
				B993E5121A4FE876009C9B61 /* LaunchScreen.xib */,
				B993E5071A4FE876009C9B61 /* Supporting Files */,
				B91413C71A524FE100A85561 /* UIPlaceHolderTextView.swift */,
				B9439F6C1A6127E9000A3D10 /* SecondView.swift */,
				B9439F6E1A61360D000A3D10 /* ThirdView.swift */,
			);
			path = TestAppInputForm02;
			sourceTree = "<group>";
		};
		B993E5071A4FE876009C9B61 /* Supporting Files */ = {
			isa = PBXGroup;
			children = (
				B993E5081A4FE876009C9B61 /* Info.plist */,
			);
			name = "Supporting Files";
			sourceTree = "<group>";
		};
		B993E51C1A4FE876009C9B61 /* TestAppInputForm02Tests */ = {
			isa = PBXGroup;
			children = (
				B993E51F1A4FE876009C9B61 /* TestAppInputForm02Tests.swift */,
				B993E51D1A4FE876009C9B61 /* Supporting Files */,
			);
			path = TestAppInputForm02Tests;
			sourceTree = "<group>";
		};
		B993E51D1A4FE876009C9B61 /* Supporting Files */ = {
			isa = PBXGroup;
			children = (
				B993E51E1A4FE876009C9B61 /* Info.plist */,
			);
			name = "Supporting Files";
			sourceTree = "<group>";
		};
/* End PBXGroup section */

/* Begin PBXNativeTarget section */
		B993E5031A4FE876009C9B61 /* TestAppInputForm02 */ = {
			isa = PBXNativeTarget;
			buildConfigurationList = B993E5231A4FE876009C9B61 /* Build configuration list for PBXNativeTarget "TestAppInputForm02" */;
			buildPhases = (
				B993E5001A4FE876009C9B61 /* Sources */,
				B993E5011A4FE876009C9B61 /* Frameworks */,
				B993E5021A4FE876009C9B61 /* Resources */,
			);
			buildRules = (
			);
			dependencies = (
			);
			name = TestAppInputForm02;
			productName = TestAppInputForm02;
			productReference = B993E5041A4FE876009C9B61 /* TestAppInputForm02.app */;
			productType = "com.apple.product-type.application";
		};
		B993E5181A4FE876009C9B61 /* TestAppInputForm02Tests */ = {
			isa = PBXNativeTarget;
			buildConfigurationList = B993E5261A4FE876009C9B61 /* Build configuration list for PBXNativeTarget "TestAppInputForm02Tests" */;
			buildPhases = (
				B993E5151A4FE876009C9B61 /* Sources */,
				B993E5161A4FE876009C9B61 /* Frameworks */,
				B993E5171A4FE876009C9B61 /* Resources */,
			);
			buildRules = (
			);
			dependencies = (
				B993E51B1A4FE876009C9B61 /* PBXTargetDependency */,
			);
			name = TestAppInputForm02Tests;
			productName = TestAppInputForm02Tests;
			productReference = B993E5191A4FE876009C9B61 /* TestAppInputForm02Tests.xctest */;
			productType = "com.apple.product-type.bundle.unit-test";
		};
/* End PBXNativeTarget section */

/* Begin PBXProject section */
		B993E4FC1A4FE876009C9B61 /* Project object */ = {
			isa = PBXProject;
			attributes = {
				LastUpgradeCheck = 0600;
				ORGANIZATIONNAME = matsuhisa.hironobu;
				TargetAttributes = {
					B993E5031A4FE876009C9B61 = {
						CreatedOnToolsVersion = 6.0;
					};
					B993E5181A4FE876009C9B61 = {
						CreatedOnToolsVersion = 6.0;
						TestTargetID = B993E5031A4FE876009C9B61;
					};
				};
			};
			buildConfigurationList = B993E4FF1A4FE876009C9B61 /* Build configuration list for PBXProject "TestAppInputForm02" */;
			compatibilityVersion = "Xcode 3.2";
			developmentRegion = English;
			hasScannedForEncodings = 0;
			knownRegions = (
				en,
				Base,
			);
			mainGroup = B993E4FB1A4FE876009C9B61;
			productRefGroup = B993E5051A4FE876009C9B61 /* Products */;
			projectDirPath = "";
			projectRoot = "";
			targets = (
				B993E5031A4FE876009C9B61 /* TestAppInputForm02 */,
				B993E5181A4FE876009C9B61 /* TestAppInputForm02Tests */,
			);
		};
/* End PBXProject section */

/* Begin PBXResourcesBuildPhase section */
		B993E5021A4FE876009C9B61 /* Resources */ = {
			isa = PBXResourcesBuildPhase;
			buildActionMask = 2147483647;
			files = (
				B993E50F1A4FE876009C9B61 /* Main.storyboard in Resources */,
				B993E5141A4FE876009C9B61 /* LaunchScreen.xib in Resources */,
				B993E5111A4FE876009C9B61 /* Images.xcassets in Resources */,
			);
			runOnlyForDeploymentPostprocessing = 0;
		};
		B993E5171A4FE876009C9B61 /* Resources */ = {
			isa = PBXResourcesBuildPhase;
			buildActionMask = 2147483647;
			files = (
			);
			runOnlyForDeploymentPostprocessing = 0;
		};
/* End PBXResourcesBuildPhase section */

/* Begin PBXSourcesBuildPhase section */
		B993E5001A4FE876009C9B61 /* Sources */ = {
			isa = PBXSourcesBuildPhase;
			buildActionMask = 2147483647;
			files = (
				B993E50C1A4FE876009C9B61 /* ViewController.swift in Sources */,
				B9439F6F1A61360D000A3D10 /* ThirdView.swift in Sources */,
				B91413C81A524FE100A85561 /* UIPlaceHolderTextView.swift in Sources */,
				B9439F6D1A6127E9000A3D10 /* SecondView.swift in Sources */,
				B993E50A1A4FE876009C9B61 /* AppDelegate.swift in Sources */,
			);
			runOnlyForDeploymentPostprocessing = 0;
		};
		B993E5151A4FE876009C9B61 /* Sources */ = {
			isa = PBXSourcesBuildPhase;
			buildActionMask = 2147483647;
			files = (
				B993E5201A4FE876009C9B61 /* TestAppInputForm02Tests.swift in Sources */,
			);
			runOnlyForDeploymentPostprocessing = 0;
		};
/* End PBXSourcesBuildPhase section */

/* Begin PBXTargetDependency section */
		B993E51B1A4FE876009C9B61 /* PBXTargetDependency */ = {
			isa = PBXTargetDependency;
			target = B993E5031A4FE876009C9B61 /* TestAppInputForm02 */;
			targetProxy = B993E51A1A4FE876009C9B61 /* PBXContainerItemProxy */;
		};
/* End PBXTargetDependency section */

/* Begin PBXVariantGroup section */
		B993E50D1A4FE876009C9B61 /* Main.storyboard */ = {
			isa = PBXVariantGroup;
			children = (
				B993E50E1A4FE876009C9B61 /* Base */,
			);
			name = Main.storyboard;
			sourceTree = "<group>";
		};
		B993E5121A4FE876009C9B61 /* LaunchScreen.xib */ = {
			isa = PBXVariantGroup;
			children = (
				B993E5131A4FE876009C9B61 /* Base */,
			);
			name = LaunchScreen.xib;
			sourceTree = "<group>";
		};
/* End PBXVariantGroup section */

/* Begin XCBuildConfiguration section */
		B993E5211A4FE876009C9B61 /* Debug */ = {
			isa = XCBuildConfiguration;
			buildSettings = {
				ALWAYS_SEARCH_USER_PATHS = NO;
				CLANG_CXX_LANGUAGE_STANDARD = "gnu++0x";
				CLANG_CXX_LIBRARY = "libc++";
				CLANG_ENABLE_MODULES = YES;
				CLANG_ENABLE_OBJC_ARC = YES;
				CLANG_WARN_BOOL_CONVERSION = YES;
				CLANG_WARN_CONSTANT_CONVERSION = YES;
				CLANG_WARN_DIRECT_OBJC_ISA_USAGE = YES_ERROR;
				CLANG_WARN_EMPTY_BODY = YES;
				CLANG_WARN_ENUM_CONVERSION = YES;
				CLANG_WARN_INT_CONVERSION = YES;
				CLANG_WARN_OBJC_ROOT_CLASS = YES_ERROR;
				CLANG_WARN_UNREACHABLE_CODE = YES;
				CLANG_WARN__DUPLICATE_METHOD_MATCH = YES;
				"CODE_SIGN_IDENTITY[sdk=iphoneos*]" = "iPhone Developer";
				COPY_PHASE_STRIP = NO;
				ENABLE_STRICT_OBJC_MSGSEND = YES;
				GCC_C_LANGUAGE_STANDARD = gnu99;
				GCC_DYNAMIC_NO_PIC = NO;
				GCC_OPTIMIZATION_LEVEL = 0;
				GCC_PREPROCESSOR_DEFINITIONS = (
					"DEBUG=1",
					"$(inherited)",
				);
				GCC_SYMBOLS_PRIVATE_EXTERN = NO;
				GCC_WARN_64_TO_32_BIT_CONVERSION = YES;
				GCC_WARN_ABOUT_RETURN_TYPE = YES_ERROR;
				GCC_WARN_UNDECLARED_SELECTOR = YES;
				GCC_WARN_UNINITIALIZED_AUTOS = YES_AGGRESSIVE;
				GCC_WARN_UNUSED_FUNCTION = YES;
				GCC_WARN_UNUSED_VARIABLE = YES;
				IPHONEOS_DEPLOYMENT_TARGET = 8.0;
				MTL_ENABLE_DEBUG_INFO = YES;
				ONLY_ACTIVE_ARCH = YES;
				SDKROOT = iphoneos;
				SWIFT_OPTIMIZATION_LEVEL = "-Onone";
				TARGETED_DEVICE_FAMILY = "1,2";
			};
			name = Debug;
		};
		B993E5221A4FE876009C9B61 /* Release */ = {
			isa = XCBuildConfiguration;
			buildSettings = {
				ALWAYS_SEARCH_USER_PATHS = NO;
				CLANG_CXX_LANGUAGE_STANDARD = "gnu++0x";
				CLANG_CXX_LIBRARY = "libc++";
				CLANG_ENABLE_MODULES = YES;
				CLANG_ENABLE_OBJC_ARC = YES;
				CLANG_WARN_BOOL_CONVERSION = YES;
				CLANG_WARN_CONSTANT_CONVERSION = YES;
				CLANG_WARN_DIRECT_OBJC_ISA_USAGE = YES_ERROR;
				CLANG_WARN_EMPTY_BODY = YES;
				CLANG_WARN_ENUM_CONVERSION = YES;
				CLANG_WARN_INT_CONVERSION = YES;
				CLANG_WARN_OBJC_ROOT_CLASS = YES_ERROR;
				CLANG_WARN_UNREACHABLE_CODE = YES;
				CLANG_WARN__DUPLICATE_METHOD_MATCH = YES;
				"CODE_SIGN_IDENTITY[sdk=iphoneos*]" = "iPhone Developer";
				COPY_PHASE_STRIP = YES;
				ENABLE_NS_ASSERTIONS = NO;
				ENABLE_STRICT_OBJC_MSGSEND = YES;
				GCC_C_LANGUAGE_STANDARD = gnu99;
				GCC_WARN_64_TO_32_BIT_CONVERSION = YES;
				GCC_WARN_ABOUT_RETURN_TYPE = YES_ERROR;
				GCC_WARN_UNDECLARED_SELECTOR = YES;
				GCC_WARN_UNINITIALIZED_AUTOS = YES_AGGRESSIVE;
				GCC_WARN_UNUSED_FUNCTION = YES;
				GCC_WARN_UNUSED_VARIABLE = YES;
				IPHONEOS_DEPLOYMENT_TARGET = 8.0;
				MTL_ENABLE_DEBUG_INFO = NO;
				SDKROOT = iphoneos;
				TARGETED_DEVICE_FAMILY = "1,2";
				VALIDATE_PRODUCT = YES;
			};
			name = Release;
		};
		B993E5241A4FE876009C9B61 /* Debug */ = {
			isa = XCBuildConfiguration;
			buildSettings = {
				ASSETCATALOG_COMPILER_APPICON_NAME = AppIcon;
				INFOPLIST_FILE = TestAppInputForm02/Info.plist;
				LD_RUNPATH_SEARCH_PATHS = "$(inherited) @executable_path/Frameworks";
				PRODUCT_NAME = "$(TARGET_NAME)";
			};
			name = Debug;
		};
		B993E5251A4FE876009C9B61 /* Release */ = {
			isa = XCBuildConfiguration;
			buildSettings = {
				ASSETCATALOG_COMPILER_APPICON_NAME = AppIcon;
				INFOPLIST_FILE = TestAppInputForm02/Info.plist;
				LD_RUNPATH_SEARCH_PATHS = "$(inherited) @executable_path/Frameworks";
				PRODUCT_NAME = "$(TARGET_NAME)";
			};
			name = Release;
		};
		B993E5271A4FE876009C9B61 /* Debug */ = {
			isa = XCBuildConfiguration;
			buildSettings = {
				BUNDLE_LOADER = "$(TEST_HOST)";
				FRAMEWORK_SEARCH_PATHS = (
					"$(SDKROOT)/Developer/Library/Frameworks",
					"$(inherited)",
				);
				GCC_PREPROCESSOR_DEFINITIONS = (
					"DEBUG=1",
					"$(inherited)",
				);
				INFOPLIST_FILE = TestAppInputForm02Tests/Info.plist;
				LD_RUNPATH_SEARCH_PATHS = "$(inherited) @executable_path/Frameworks @loader_path/Frameworks";
				PRODUCT_NAME = "$(TARGET_NAME)";
				TEST_HOST = "$(BUILT_PRODUCTS_DIR)/TestAppInputForm02.app/TestAppInputForm02";
			};
			name = Debug;
		};
		B993E5281A4FE876009C9B61 /* Release */ = {
			isa = XCBuildConfiguration;
			buildSettings = {
				BUNDLE_LOADER = "$(TEST_HOST)";
				FRAMEWORK_SEARCH_PATHS = (
					"$(SDKROOT)/Developer/Library/Frameworks",
					"$(inherited)",
				);
				INFOPLIST_FILE = TestAppInputForm02Tests/Info.plist;
				LD_RUNPATH_SEARCH_PATHS = "$(inherited) @executable_path/Frameworks @loader_path/Frameworks";
				PRODUCT_NAME = "$(TARGET_NAME)";
				TEST_HOST = "$(BUILT_PRODUCTS_DIR)/TestAppInputForm02.app/TestAppInputForm02";
			};
			name = Release;
		};
/* End XCBuildConfiguration section */

/* Begin XCConfigurationList section */
		B993E4FF1A4FE876009C9B61 /* Build configuration list for PBXProject "TestAppInputForm02" */ = {
			isa = XCConfigurationList;
			buildConfigurations = (
				B993E5211A4FE876009C9B61 /* Debug */,
				B993E5221A4FE876009C9B61 /* Release */,
			);
			defaultConfigurationIsVisible = 0;
			defaultConfigurationName = Release;
		};
		B993E5231A4FE876009C9B61 /* Build configuration list for PBXNativeTarget "TestAppInputForm02" */ = {
			isa = XCConfigurationList;
			buildConfigurations = (
				B993E5241A4FE876009C9B61 /* Debug */,
				B993E5251A4FE876009C9B61 /* Release */,
			);
			defaultConfigurationIsVisible = 0;
			defaultConfigurationName = Release;
		};
		B993E5261A4FE876009C9B61 /* Build configuration list for PBXNativeTarget "TestAppInputForm02Tests" */ = {
			isa = XCConfigurationList;
			buildConfigurations = (
				B993E5271A4FE876009C9B61 /* Debug */,
				B993E5281A4FE876009C9B61 /* Release */,
			);
			defaultConfigurationIsVisible = 0;
			defaultConfigurationName = Release;
		};
/* End XCConfigurationList section */
	};
	rootObject = B993E4FC1A4FE876009C9B61 /* Project object */;
}
